{
  "name": "@gamecretaor/template_srpg",
  "version": "1.09",
  "lockfileVersion": 3,
  "requires": true,
  "packages": {
    "": {
      "name": "@gamecretaor/template_srpg",
      "version": "1.09",
      "license": "ISC",
      "devDependencies": {
        "@gamecreator/gc-editor-release": "^0.0.1",
        "@gamecreator/gc-template-vscode": "^0.0.8",
        "typescript": "^4.5.2"
      }
    },
    "node_modules/@gamecreator/gc-editor-release": {
      "version": "0.0.1",
      "resolved": "https://registry.npmjs.org/@gamecreator/gc-editor-release/-/gc-editor-release-0.0.1.tgz",
      "integrity": "sha512-I9CJN6gHnfLTt//OxSfEXWuGwHhG7BUpKCgqd+rYa0Uz7hnIpP7shXqZ1hrYh6qVrgQMRcy8nnfeuEaDyMZtRg==",
      "dev": true,
      "license": "ISC",
      "dependencies": {
        "fs-extra": "^10.0.0"
      },
      "bin": {
        "run": "bin/run.js"
      }
    },
    "node_modules/@gamecreator/gc-template-vscode": {
      "version": "0.0.8",
      "resolved": "https://registry.npmjs.org/@gamecreator/gc-template-vscode/-/gc-template-vscode-0.0.8.tgz",
      "integrity": "sha512-fLdTMvk5cu/7TdUQsCbxSdkr5jJnbZn8k3Ogb6PdWSUFVzp0cgwJ1sJI1UM7a59ZPf6/NTXQRql/epSqyse2ng==",
      "dev": true,
      "license": "ISC",
      "dependencies": {
        "fs-extra": "^10.0.0",
        "uglify-js": "^3.14.5"
      },
      "bin": {
        "gc_vscode_init": "bin/gc_vscode_init.js"
      }
    },
    "node_modules/fs-extra": {
      "version": "10.1.0",
      "resolved": "https://registry.npmjs.org/fs-extra/-/fs-extra-10.1.0.tgz",
      "integrity": "sha512-oRXApq54ETRj4eMiFzGnHWGy+zo5raudjuxN0b8H7s/RU2oW0Wvsx9O0ACRN/kRq9E8Vu/ReskGB5o3ji+FzHQ==",
      "dev": true,
      "license": "MIT",
      "dependencies": {
        "graceful-fs": "^4.2.0",
        "jsonfile": "^6.0.1",
        "universalify": "^2.0.0"
      },
      "engines": {
        "node": ">=12"
      }
    },
    "node_modules/graceful-fs": {
      "version": "4.2.11",
      "resolved": "https://registry.npmjs.org/graceful-fs/-/graceful-fs-4.2.11.tgz",
      "integrity": "sha512-RbJ5/jmFcNNCcDV5o9eTnBLJ/HszWV0P73bc+Ff4nS/rJj+YaS6IGyiOL0VoBYX+l1Wrl3k63h/KrH+nhJ0XvQ==",
      "dev": true,
      "license": "ISC"
    },
    "node_modules/jsonfile": {
      "version": "6.2.1",
      "resolved": "https://registry.npmjs.org/jsonfile/-/jsonfile-6.2.1.tgz",
      "integrity": "sha512-zwOTdL3rFQ/lRdBnntKVOX6k5cKJwEc1HdilT71BWEu7J41gXIB2MRp+vxduPSwZJPWBxEzv4yH1wYLJGUHX4Q==",
      "dev": true,
      "license": "MIT",
      "dependencies": {
        "universalify": "^2.0.0"
      },
      "optionalDependencies": {
        "graceful-fs": "^4.1.6"
      }
    },
    "node_modules/typescript": {
      "version": "4.9.5",
      "resolved": "https://registry.npmjs.org/typescript/-/typescript-4.9.5.tgz",
      "integrity": "sha512-1FXk9E2Hm+QzZQ7z+McJiHL4NW1F2EzMu9Nq9i3zAaGqibafqYwCVU6WyWAuyQRRzOlxou8xZSyXLEN8oKj24g==",
      "dev": true,
      "license": "Apache-2.0",
      "bin": {
        "tsc": "bin/tsc",
        "tsserver": "bin/tsserver"
      },
      "engines": {
        "node": ">=4.2.0"
      }
    },
    "node_modules/uglify-js": {
      "version": "3.19.3",
      "resolved": "https://registry.npmjs.org/uglify-js/-/uglify-js-3.19.3.tgz",
      "integrity": "sha512-v3Xu+yuwBXisp6QYTcH4UbH+xYJXqnq2m/LtQVWKWzYc1iehYnLixoQDN9FH6/j9/oybfd6W9Ghwkl8+UMKTKQ==",
      "dev": true,
      "license": "BSD-2-Clause",
      "bin": {
        "uglifyjs": "bin/uglifyjs"
      },
      "engines": {
        "node": ">=0.8.0"
      }
    },
    "node_modules/universalify": {
      "version": "2.0.1",
      "resolved": "https://registry.npmjs.org/universalify/-/universalify-2.0.1.tgz",
      "integrity": "sha512-gptHNQghINnc/vTGIk0SOFGFNXw7JVrlRUtConJRlvaw6DuX0wO5Jeko9sWrMBhh+PsYAZ7oXAiOnf/UKogyiw==",
      "dev": true,
      "license": "MIT",
      "engines": {
        "node": ">= 10.0.0"
      }
    }
  }
}
